
Microsoft Visual Studio Solution File, Format Version 12.00
# Visual Studio Version 16
VisualStudioVersion = 16.0.31410.357
MinimumVisualStudioVersion = 10.0.40219.1
Project("{FAE04EC0-301F-11D3-BF4B-00C04F79EFBC}") = "BethanysPieShopHRM.App", "BethanysPieShopHRM.App\BethanysPieShopHRM.App.csproj", "{D1CC4E0E-F41F-4779-9D36-B5AD074E40DA}"
EndProject
Project("{FAE04EC0-301F-11D3-BF4B-00C04F79EFBC}") = "BethanysPieShopHRM.Shared", "BethanysPieShopHRM.Shared\BethanysPieShopHRM.Shared.csproj", "{B737385A-8974-4C6D-8FCE-8C351C1C8C72}"
EndProject
Project("{2150E333-8FDC-42A3-9474-1A3956D46DE8}") = "Solution Items", "Solution Items", "{01E15E11-D744-401C-B12B-7C1993AAF5B2}"
	ProjectSection(SolutionItems) = preProject
		.editorconfig = .editorconfig
	EndProjectSection
EndProject
Project("{9A19103F-16F7-4668-BE54-9A1E7A4F7556}") = "BethanysPieShopHRM.Api", "BethanysPieShopHRM.Api\BethanysPieShopHRM.Api.csproj", "{6A925EFD-3B4C-4ACC-B556-87DF79B4FDB8}"
EndProject
Global
	GlobalSection(SolutionConfigurationPlatforms) = preSolution
		Debug|Any CPU = Debug|Any CPU
		Release|Any CPU = Release|Any CPU
	EndGlobalSection
	GlobalSection(ProjectConfigurationPlatforms) = postSolution
		{D1CC4E0E-F41F-4779-9D36-B5AD074E40DA}.Debug|Any CPU.ActiveCfg = Debug|Any CPU
		{D1CC4E0E-F41F-4779-9D36-B5AD074E40DA}.Debug|Any CPU.Build.0 = Debug|Any CPU
		{D1CC4E0E-F41F-4779-9D36-B5AD074E40DA}.Release|Any CPU.ActiveCfg = Release|Any CPU
		{D1CC4E0E-F41F-4779-9D36-B5AD074E40DA}.Release|Any CPU.Build.0 = Release|Any CPU
		{B737385A-8974-4C6D-8FCE-8C351C1C8C72}.Debug|Any CPU.ActiveCfg = Debug|Any CPU
		{B737385A-8974-4C6D-8FCE-8C351C1C8C72}.Debug|Any CPU.Build.0 = Debug|Any CPU
		{B737385A-8974-4C6D-8FCE-8C351C1C8C72}.Release|Any CPU.ActiveCfg = Release|Any CPU
		{B737385A-8974-4C6D-8FCE-8C351C1C8C72}.Release|Any CPU.Build.0 = Release|Any CPU
		{6A925EFD-3B4C-4ACC-B556-87DF79B4FDB8}.Debug|Any CPU.ActiveCfg = Debug|Any CPU
		{6A925EFD-3B4C-4ACC-B556-87DF79B4FDB8}.Debug|Any CPU.Build.0 = Debug|Any CPU
		{6A925EFD-3B4C-4ACC-B556-87DF79B4FDB8}.Release|Any CPU.ActiveCfg = Release|Any CPU
		{6A925EFD-3B4C-4ACC-B556-87DF79B4FDB8}.Release|Any CPU.Build.0 = Release|Any CPU
	EndGlobalSection
	GlobalSection(SolutionProperties) = preSolution
		HideSolutionNode = FALSE
	EndGlobalSection
	GlobalSection(ExtensibilityGlobals) = postSolution
		SolutionGuid = {EC13C281-719B-4CBA-AEC3-3DB31850BC4D}
	EndGlobalSection
EndGlobal
